
Microsoft Visual Studio Solution File, Format Version 12.00
# Visual Studio Version 16
VisualStudioVersion = 16.0.30320.27
MinimumVisualStudioVersion = 10.0.40219.1
Project("{FAE04EC0-301F-11D3-BF4B-00C04F79EFBC}") = "Blutalkoholgehalt", "Blutalkoholgehalt\Blutalkoholgehalt.csproj", "{E857784B-DBAA-4BD2-9D44-02D3767F8BFF}"
EndProject
Global
	GlobalSection(SolutionConfigurationPlatforms) = preSolution
		Debug|Any CPU = Debug|Any CPU
		Release|Any CPU = Release|Any CPU
	EndGlobalSection
	GlobalSection(ProjectConfigurationPlatforms) = postSolution
		{E857784B-DBAA-4BD2-9D44-02D3767F8BFF}.Debug|Any CPU.ActiveCfg = Debug|Any CPU
		{E857784B-DBAA-4BD2-9D44-02D3767F8BFF}.Debug|Any CPU.Build.0 = Debug|Any CPU
		{E857784B-DBAA-4BD2-9D44-02D3767F8BFF}.Release|Any CPU.ActiveCfg = Release|Any CPU
		{E857784B-DBAA-4BD2-9D44-02D3767F8BFF}.Release|Any CPU.Build.0 = Release|Any CPU
	EndGlobalSection
	GlobalSection(SolutionProperties) = preSolution
		HideSolutionNode = FALSE
	EndGlobalSection
	GlobalSection(ExtensibilityGlobals) = postSolution
		SolutionGuid = {C2B5B91F-2BB8-4873-8754-4830B39AA50C}
	EndGlobalSection
EndGlobal
